<?xml version="1.0" encoding="utf-8"?>
<Project ToolsVersion="4.0" xmlns="http://schemas.microsoft.com/developer/msbuild/2003">
  <ItemGroup>
    <Filter Include="Quelldateien">
      <UniqueIdentifier>{4FC737F1-C7A5-4376-A066-2A32D752A2FF}</UniqueIdentifier>
      <Extensions>cpp;c;cc;cxx;c++;cppm;ixx;def;odl;idl;hpj;bat;asm;asmx</Extensions>
    </Filter>
    <Filter Include="Headerdateien">
      <UniqueIdentifier>{93995380-89BD-4b04-88EB-625FBE52EBFB}</UniqueIdentifier>
      <Extensions>h;hh;hpp;hxx;h++;hm;inl;inc;ipp;xsd</Extensions>
    </Filter>
    <Filter Include="Ressourcendateien">
      <UniqueIdentifier>{67DA6AB6-F800-4c08-8B7A-83BB121AAD01}</UniqueIdentifier>
      <Extensions>rc;ico;cur;bmp;dlg;rc2;rct;bin;rgs;gif;jpg;jpeg;jpe;resx;tiff;tif;png;wav;mfcribbon-ms</Extensions>
    </Filter>
  </ItemGroup>
  <ItemGroup>
    <ClCompile Include="src\main.cpp">
      <Filter>Quelldateien</Filter>
    </ClCompile>
    <ClCompile Include="src\GUI\Gui.cpp">
      <Filter>Quelldateien</Filter>
    </ClCompile>
    <ClCompile Include="src\Game.cpp">
      <Filter>Quelldateien</Filter>
    </ClCompile>
    <ClCompile Include="src\Entity\Player.cpp">
      <Filter>Quelldateien</Filter>
    </ClCompile>
    <ClCompile Include="src\Entity\FallingObjects.cpp">
      <Filter>Quelldateien</Filter>
    </ClCompile>
    <ClCompile Include="src\Level.cpp">
      <Filter>Quelldateien</Filter>
    </ClCompile>
  </ItemGroup>
  <ItemGroup>
    <ClInclude Include="vendor\SFML\include\SFML\Audio.hpp">
      <Filter>Headerdateien</Filter>
    </ClInclude>
    <ClInclude Include="vendor\SFML\include\SFML\Config.hpp">
      <Filter>Headerdateien</Filter>
    </ClInclude>
    <ClInclude Include="vendor\SFML\include\SFML\GpuPreference.hpp">
      <Filter>Headerdateien</Filter>
    </ClInclude>
    <ClInclude Include="vendor\SFML\include\SFML\Graphics.hpp">
      <Filter>Headerdateien</Filter>
    </ClInclude>
    <ClInclude Include="vendor\SFML\include\SFML\Main.hpp">
      <Filter>Headerdateien</Filter>
    </ClInclude>
    <ClInclude Include="vendor\SFML\include\SFML\Network.hpp">
      <Filter>Headerdateien</Filter>
    </ClInclude>
    <ClInclude Include="vendor\SFML\include\SFML\OpenGL.hpp">
      <Filter>Headerdateien</Filter>
    </ClInclude>
    <ClInclude Include="vendor\SFML\include\SFML\System.hpp">
      <Filter>Headerdateien</Filter>
    </ClInclude>
    <ClInclude Include="vendor\SFML\include\SFML\Window.hpp">
      <Filter>Headerdateien</Filter>
    </ClInclude>
    <ClInclude Include="vendor\SFML\include\SFML\Graphics\BlendMode.hpp">
      <Filter>Headerdateien</Filter>
    </ClInclude>
    <ClInclude Include="vendor\SFML\include\SFML\Graphics\CircleShape.hpp">
      <Filter>Headerdateien</Filter>
    </ClInclude>
    <ClInclude Include="vendor\SFML\include\SFML\Graphics\Color.hpp">
      <Filter>Headerdateien</Filter>
    </ClInclude>
    <ClInclude Include="vendor\SFML\include\SFML\Graphics\ConvexShape.hpp">
      <Filter>Headerdateien</Filter>
    </ClInclude>
    <ClInclude Include="vendor\SFML\include\SFML\Graphics\Drawable.hpp">
      <Filter>Headerdateien</Filter>
    </ClInclude>
    <ClInclude Include="vendor\SFML\include\SFML\Graphics\Export.hpp">
      <Filter>Headerdateien</Filter>
    </ClInclude>
    <ClInclude Include="vendor\SFML\include\SFML\Graphics\Font.hpp">
      <Filter>Headerdateien</Filter>
    </ClInclude>
    <ClInclude Include="vendor\SFML\include\SFML\Graphics\Glsl.hpp">
      <Filter>Headerdateien</Filter>
    </ClInclude>
    <ClInclude Include="vendor\SFML\include\SFML\Graphics\Glyph.hpp">
      <Filter>Headerdateien</Filter>
    </ClInclude>
    <ClInclude Include="vendor\SFML\include\SFML\Graphics\Image.hpp">
      <Filter>Headerdateien</Filter>
    </ClInclude>
    <ClInclude Include="vendor\SFML\include\SFML\Graphics\PrimitiveType.hpp">
      <Filter>Headerdateien</Filter>
    </ClInclude>
    <ClInclude Include="vendor\SFML\include\SFML\Graphics\Rect.hpp">
      <Filter>Headerdateien</Filter>
    </ClInclude>
    <ClInclude Include="vendor\SFML\include\SFML\Graphics\RectangleShape.hpp">
      <Filter>Headerdateien</Filter>
    </ClInclude>
    <ClInclude Include="vendor\SFML\include\SFML\Graphics\RenderStates.hpp">
      <Filter>Headerdateien</Filter>
    </ClInclude>
    <ClInclude Include="vendor\SFML\include\SFML\Graphics\RenderTarget.hpp">
      <Filter>Headerdateien</Filter>
    </ClInclude>
    <ClInclude Include="vendor\SFML\include\SFML\Graphics\RenderTexture.hpp">
      <Filter>Headerdateien</Filter>
    </ClInclude>
    <ClInclude Include="vendor\SFML\include\SFML\Graphics\RenderWindow.hpp">
      <Filter>Headerdateien</Filter>
    </ClInclude>
    <ClInclude Include="vendor\SFML\include\SFML\Graphics\Shader.hpp">
      <Filter>Headerdateien</Filter>
    </ClInclude>
    <ClInclude Include="vendor\SFML\include\SFML\Graphics\Shape.hpp">
      <Filter>Headerdateien</Filter>
    </ClInclude>
    <ClInclude Include="vendor\SFML\include\SFML\Graphics\Sprite.hpp">
      <Filter>Headerdateien</Filter>
    </ClInclude>
    <ClInclude Include="vendor\SFML\include\SFML\Graphics\Text.hpp">
      <Filter>Headerdateien</Filter>
    </ClInclude>
    <ClInclude Include="vendor\SFML\include\SFML\Graphics\Texture.hpp">
      <Filter>Headerdateien</Filter>
    </ClInclude>
    <ClInclude Include="vendor\SFML\include\SFML\Graphics\Transform.hpp">
      <Filter>Headerdateien</Filter>
    </ClInclude>
    <ClInclude Include="vendor\SFML\include\SFML\Graphics\Transformable.hpp">
      <Filter>Headerdateien</Filter>
    </ClInclude>
    <ClInclude Include="vendor\SFML\include\SFML\Graphics\Vertex.hpp">
      <Filter>Headerdateien</Filter>
    </ClInclude>
    <ClInclude Include="vendor\SFML\include\SFML\Graphics\VertexArray.hpp">
      <Filter>Headerdateien</Filter>
    </ClInclude>
    <ClInclude Include="vendor\SFML\include\SFML\Graphics\VertexBuffer.hpp">
      <Filter>Headerdateien</Filter>
    </ClInclude>
    <ClInclude Include="vendor\SFML\include\SFML\Graphics\View.hpp">
      <Filter>Headerdateien</Filter>
    </ClInclude>
    <ClInclude Include="vendor\SFML\include\SFML\Audio\AlResource.hpp">
      <Filter>Headerdateien</Filter>
    </ClInclude>
    <ClInclude Include="vendor\SFML\include\SFML\Audio\Export.hpp">
      <Filter>Headerdateien</Filter>
    </ClInclude>
    <ClInclude Include="vendor\SFML\include\SFML\Audio\InputSoundFile.hpp">
      <Filter>Headerdateien</Filter>
    </ClInclude>
    <ClInclude Include="vendor\SFML\include\SFML\Audio\Listener.hpp">
      <Filter>Headerdateien</Filter>
    </ClInclude>
    <ClInclude Include="vendor\SFML\include\SFML\Audio\Music.hpp">
      <Filter>Headerdateien</Filter>
    </ClInclude>
    <ClInclude Include="vendor\SFML\include\SFML\Audio\OutputSoundFile.hpp">
      <Filter>Headerdateien</Filter>
    </ClInclude>
    <ClInclude Include="vendor\SFML\include\SFML\Audio\Sound.hpp">
      <Filter>Headerdateien</Filter>
    </ClInclude>
    <ClInclude Include="vendor\SFML\include\SFML\Audio\SoundBuffer.hpp">
      <Filter>Headerdateien</Filter>
    </ClInclude>
    <ClInclude Include="vendor\SFML\include\SFML\Audio\SoundBufferRecorder.hpp">
      <Filter>Headerdateien</Filter>
    </ClInclude>
    <ClInclude Include="vendor\SFML\include\SFML\Audio\SoundFileFactory.hpp">
      <Filter>Headerdateien</Filter>
    </ClInclude>
    <ClInclude Include="vendor\SFML\include\SFML\Audio\SoundFileReader.hpp">
      <Filter>Headerdateien</Filter>
    </ClInclude>
    <ClInclude Include="vendor\SFML\include\SFML\Audio\SoundFileWriter.hpp">
      <Filter>Headerdateien</Filter>
    </ClInclude>
    <ClInclude Include="vendor\SFML\include\SFML\Audio\SoundRecorder.hpp">
      <Filter>Headerdateien</Filter>
    </ClInclude>
    <ClInclude Include="vendor\SFML\include\SFML\Audio\SoundSource.hpp">
      <Filter>Headerdateien</Filter>
    </ClInclude>
    <ClInclude Include="vendor\SFML\include\SFML\Audio\SoundStream.hpp">
      <Filter>Headerdateien</Filter>
    </ClInclude>
    <ClInclude Include="vendor\SFML\include\SFML\Network\Export.hpp">
      <Filter>Headerdateien</Filter>
    </ClInclude>
    <ClInclude Include="vendor\SFML\include\SFML\Network\Ftp.hpp">
      <Filter>Headerdateien</Filter>
    </ClInclude>
    <ClInclude Include="vendor\SFML\include\SFML\Network\Http.hpp">
      <Filter>Headerdateien</Filter>
    </ClInclude>
    <ClInclude Include="vendor\SFML\include\SFML\Network\IpAddress.hpp">
      <Filter>Headerdateien</Filter>
    </ClInclude>
    <ClInclude Include="vendor\SFML\include\SFML\Network\Packet.hpp">
      <Filter>Headerdateien</Filter>
    </ClInclude>
    <ClInclude Include="vendor\SFML\include\SFML\Network\Socket.hpp">
      <Filter>Headerdateien</Filter>
    </ClInclude>
    <ClInclude Include="vendor\SFML\include\SFML\Network\SocketHandle.hpp">
      <Filter>Headerdateien</Filter>
    </ClInclude>
    <ClInclude Include="vendor\SFML\include\SFML\Network\SocketSelector.hpp">
      <Filter>Headerdateien</Filter>
    </ClInclude>
    <ClInclude Include="vendor\SFML\include\SFML\Network\TcpListener.hpp">
      <Filter>Headerdateien</Filter>
    </ClInclude>
    <ClInclude Include="vendor\SFML\include\SFML\Network\TcpSocket.hpp">
      <Filter>Headerdateien</Filter>
    </ClInclude>
    <ClInclude Include="vendor\SFML\include\SFML\Network\UdpSocket.hpp">
      <Filter>Headerdateien</Filter>
    </ClInclude>
    <ClInclude Include="vendor\SFML\include\SFML\System\Clock.hpp">
      <Filter>Headerdateien</Filter>
    </ClInclude>
    <ClInclude Include="vendor\SFML\include\SFML\System\Err.hpp">
      <Filter>Headerdateien</Filter>
    </ClInclude>
    <ClInclude Include="vendor\SFML\include\SFML\System\Export.hpp">
      <Filter>Headerdateien</Filter>
    </ClInclude>
    <ClInclude Include="vendor\SFML\include\SFML\System\FileInputStream.hpp">
      <Filter>Headerdateien</Filter>
    </ClInclude>
    <ClInclude Include="vendor\SFML\include\SFML\System\InputStream.hpp">
      <Filter>Headerdateien</Filter>
    </ClInclude>
    <ClInclude Include="vendor\SFML\include\SFML\System\Lock.hpp">
      <Filter>Headerdateien</Filter>
    </ClInclude>
    <ClInclude Include="vendor\SFML\include\SFML\System\MemoryInputStream.hpp">
      <Filter>Headerdateien</Filter>
    </ClInclude>
    <ClInclude Include="vendor\SFML\include\SFML\System\Mutex.hpp">
      <Filter>Headerdateien</Filter>
    </ClInclude>
    <ClInclude Include="vendor\SFML\include\SFML\System\NativeActivity.hpp">
      <Filter>Headerdateien</Filter>
    </ClInclude>
    <ClInclude Include="vendor\SFML\include\SFML\System\NonCopyable.hpp">
      <Filter>Headerdateien</Filter>
    </ClInclude>
    <ClInclude Include="vendor\SFML\include\SFML\System\Sleep.hpp">
      <Filter>Headerdateien</Filter>
    </ClInclude>
    <ClInclude Include="vendor\SFML\include\SFML\System\String.hpp">
      <Filter>Headerdateien</Filter>
    </ClInclude>
    <ClInclude Include="vendor\SFML\include\SFML\System\Thread.hpp">
      <Filter>Headerdateien</Filter>
    </ClInclude>
    <ClInclude Include="vendor\SFML\include\SFML\System\ThreadLocal.hpp">
      <Filter>Headerdateien</Filter>
    </ClInclude>
    <ClInclude Include="vendor\SFML\include\SFML\System\ThreadLocalPtr.hpp">
      <Filter>Headerdateien</Filter>
    </ClInclude>
    <ClInclude Include="vendor\SFML\include\SFML\System\Time.hpp">
      <Filter>Headerdateien</Filter>
    </ClInclude>
    <ClInclude Include="vendor\SFML\include\SFML\System\Utf.hpp">
      <Filter>Headerdateien</Filter>
    </ClInclude>
    <ClInclude Include="vendor\SFML\include\SFML\System\Vector2.hpp">
      <Filter>Headerdateien</Filter>
    </ClInclude>
    <ClInclude Include="vendor\SFML\include\SFML\System\Vector3.hpp">
      <Filter>Headerdateien</Filter>
    </ClInclude>
    <ClInclude Include="vendor\SFML\include\SFML\Window\Clipboard.hpp">
      <Filter>Headerdateien</Filter>
    </ClInclude>
    <ClInclude Include="vendor\SFML\include\SFML\Window\Context.hpp">
      <Filter>Headerdateien</Filter>
    </ClInclude>
    <ClInclude Include="vendor\SFML\include\SFML\Window\ContextSettings.hpp">
      <Filter>Headerdateien</Filter>
    </ClInclude>
    <ClInclude Include="vendor\SFML\include\SFML\Window\Cursor.hpp">
      <Filter>Headerdateien</Filter>
    </ClInclude>
    <ClInclude Include="vendor\SFML\include\SFML\Window\Event.hpp">
      <Filter>Headerdateien</Filter>
    </ClInclude>
    <ClInclude Include="vendor\SFML\include\SFML\Window\Export.hpp">
      <Filter>Headerdateien</Filter>
    </ClInclude>
    <ClInclude Include="vendor\SFML\include\SFML\Window\GlResource.hpp">
      <Filter>Headerdateien</Filter>
    </ClInclude>
    <ClInclude Include="vendor\SFML\include\SFML\Window\Joystick.hpp">
      <Filter>Headerdateien</Filter>
    </ClInclude>
    <ClInclude Include="vendor\SFML\include\SFML\Window\Keyboard.hpp">
      <Filter>Headerdateien</Filter>
    </ClInclude>
    <ClInclude Include="vendor\SFML\include\SFML\Window\Mouse.hpp">
      <Filter>Headerdateien</Filter>
    </ClInclude>
    <ClInclude Include="vendor\SFML\include\SFML\Window\Sensor.hpp">
      <Filter>Headerdateien</Filter>
    </ClInclude>
    <ClInclude Include="vendor\SFML\include\SFML\Window\Touch.hpp">
      <Filter>Headerdateien</Filter>
    </ClInclude>
    <ClInclude Include="vendor\SFML\include\SFML\Window\VideoMode.hpp">
      <Filter>Headerdateien</Filter>
    </ClInclude>
    <ClInclude Include="vendor\SFML\include\SFML\Window\Vulkan.hpp">
      <Filter>Headerdateien</Filter>
    </ClInclude>
    <ClInclude Include="vendor\SFML\include\SFML\Window\Window.hpp">
      <Filter>Headerdateien</Filter>
    </ClInclude>
    <ClInclude Include="vendor\SFML\include\SFML\Window\WindowBase.hpp">
      <Filter>Headerdateien</Filter>
    </ClInclude>
    <ClInclude Include="vendor\SFML\include\SFML\Window\WindowHandle.hpp">
      <Filter>Headerdateien</Filter>
    </ClInclude>
    <ClInclude Include="vendor\SFML\include\SFML\Window\WindowStyle.hpp">
      <Filter>Headerdateien</Filter>
    </ClInclude>
    <ClInclude Include="vendor\TGUI\include\TGUI\TGUI.hpp">
      <Filter>Headerdateien</Filter>
    </ClInclude>
    <ClInclude Include="vendor\TGUI\include\TGUI\Core.hpp">
      <Filter>Headerdateien</Filter>
    </ClInclude>
    <ClInclude Include="vendor\TGUI\include\TGUI\Backend\SFML-Graphics.hpp">
      <Filter>Headerdateien</Filter>
    </ClInclude>
    <ClInclude Include="vendor\TGUI\include\TGUI\Color.hpp">
      <Filter>Headerdateien</Filter>
    </ClInclude>
    <ClInclude Include="vendor\TGUI\include\TGUI\Timer.hpp">
      <Filter>Headerdateien</Filter>
    </ClInclude>
    <ClInclude Include="vendor\TGUI\include\TGUI\ToolTip.hpp">
      <Filter>Headerdateien</Filter>
    </ClInclude>
    <ClInclude Include="vendor\TGUI\include\TGUI\Transform.hpp">
      <Filter>Headerdateien</Filter>
    </ClInclude>
    <ClInclude Include="vendor\TGUI\include\TGUI\TwoFingerScrollDetect.hpp">
      <Filter>Headerdateien</Filter>
    </ClInclude>
    <ClInclude Include="vendor\TGUI\include\TGUI\Utf.hpp">
      <Filter>Headerdateien</Filter>
    </ClInclude>
    <ClInclude Include="vendor\TGUI\include\TGUI\Variant.hpp">
      <Filter>Headerdateien</Filter>
    </ClInclude>
    <ClInclude Include="vendor\TGUI\include\TGUI\Vector2.hpp">
      <Filter>Headerdateien</Filter>
    </ClInclude>
    <ClInclude Include="vendor\TGUI\include\TGUI\Vertex.hpp">
      <Filter>Headerdateien</Filter>
    </ClInclude>
    <ClInclude Include="vendor\TGUI\include\TGUI\Widget.hpp">
      <Filter>Headerdateien</Filter>
    </ClInclude>
    <ClInclude Include="vendor\TGUI\include\TGUI\WindowsIMM.hpp">
      <Filter>Headerdateien</Filter>
    </ClInclude>
    <ClInclude Include="vendor\TGUI\include\TGUI\AbsoluteOrRelativeValue.hpp">
      <Filter>Headerdateien</Filter>
    </ClInclude>
    <ClInclude Include="vendor\TGUI\include\TGUI\AllWidgets.hpp">
      <Filter>Headerdateien</Filter>
    </ClInclude>
    <ClInclude Include="vendor\TGUI\include\TGUI\Animation.hpp">
      <Filter>Headerdateien</Filter>
    </ClInclude>
    <ClInclude Include="vendor\TGUI\include\TGUI\Any.hpp">
      <Filter>Headerdateien</Filter>
    </ClInclude>
    <ClInclude Include="vendor\TGUI\include\TGUI\Base64.hpp">
      <Filter>Headerdateien</Filter>
    </ClInclude>
    <ClInclude Include="vendor\TGUI\include\TGUI\Components.hpp">
      <Filter>Headerdateien</Filter>
    </ClInclude>
    <ClInclude Include="vendor\TGUI\include\TGUI\Config.hpp">
      <Filter>Headerdateien</Filter>
    </ClInclude>
    <ClInclude Include="vendor\TGUI\include\TGUI\Container.hpp">
      <Filter>Headerdateien</Filter>
    </ClInclude>
    <ClInclude Include="vendor\TGUI\include\TGUI\CopiedSharedPtr.hpp">
      <Filter>Headerdateien</Filter>
    </ClInclude>
    <ClInclude Include="vendor\TGUI\include\TGUI\Cursor.hpp">
      <Filter>Headerdateien</Filter>
    </ClInclude>
    <ClInclude Include="vendor\TGUI\include\TGUI\CustomWidgetForBindings.hpp">
      <Filter>Headerdateien</Filter>
    </ClInclude>
    <ClInclude Include="vendor\TGUI\include\TGUI\DefaultBackendWindow.hpp">
      <Filter>Headerdateien</Filter>
    </ClInclude>
    <ClInclude Include="vendor\TGUI\include\TGUI\DefaultFont.hpp">
      <Filter>Headerdateien</Filter>
    </ClInclude>
    <ClInclude Include="vendor\TGUI\include\TGUI\Duration.hpp">
      <Filter>Headerdateien</Filter>
    </ClInclude>
    <ClInclude Include="vendor\TGUI\include\TGUI\Event.hpp">
      <Filter>Headerdateien</Filter>
    </ClInclude>
    <ClInclude Include="vendor\TGUI\include\TGUI\Exception.hpp">
      <Filter>Headerdateien</Filter>
    </ClInclude>
    <ClInclude Include="vendor\TGUI\include\TGUI\FileDialogIconLoader.hpp">
      <Filter>Headerdateien</Filter>
    </ClInclude>
    <ClInclude Include="vendor\TGUI\include\TGUI\Filesystem.hpp">
      <Filter>Headerdateien</Filter>
    </ClInclude>
    <ClInclude Include="vendor\TGUI\include\TGUI\Font.hpp">
      <Filter>Headerdateien</Filter>
    </ClInclude>
    <ClInclude Include="vendor\TGUI\include\TGUI\Global.hpp">
      <Filter>Headerdateien</Filter>
    </ClInclude>
    <ClInclude Include="vendor\TGUI\include\TGUI\Keyboard.hpp">
      <Filter>Headerdateien</Filter>
    </ClInclude>
    <ClInclude Include="vendor\TGUI\include\TGUI\Layout.hpp">
      <Filter>Headerdateien</Filter>
    </ClInclude>
    <ClInclude Include="vendor\TGUI\include\TGUI\ObjectConverter.hpp">
      <Filter>Headerdateien</Filter>
    </ClInclude>
    <ClInclude Include="vendor\TGUI\include\TGUI\Optional.hpp">
      <Filter>Headerdateien</Filter>
    </ClInclude>
    <ClInclude Include="vendor\TGUI\include\TGUI\Outline.hpp">
      <Filter>Headerdateien</Filter>
    </ClInclude>
    <ClInclude Include="vendor\TGUI\include\TGUI\Rect.hpp">
      <Filter>Headerdateien</Filter>
    </ClInclude>
    <ClInclude Include="vendor\TGUI\include\TGUI\RelFloatRect.hpp">
      <Filter>Headerdateien</Filter>
    </ClInclude>
    <ClInclude Include="vendor\TGUI\include\TGUI\RendererDefines.hpp">
      <Filter>Headerdateien</Filter>
    </ClInclude>
    <ClInclude Include="vendor\TGUI\include\TGUI\RenderStates.hpp">
      <Filter>Headerdateien</Filter>
    </ClInclude>
    <ClInclude Include="vendor\TGUI\include\TGUI\Signal.hpp">
      <Filter>Headerdateien</Filter>
    </ClInclude>
    <ClInclude Include="vendor\TGUI\include\TGUI\SignalManager.hpp">
      <Filter>Headerdateien</Filter>
    </ClInclude>
    <ClInclude Include="vendor\TGUI\include\TGUI\Sprite.hpp">
      <Filter>Headerdateien</Filter>
    </ClInclude>
    <ClInclude Include="vendor\TGUI\include\TGUI\String.hpp">
      <Filter>Headerdateien</Filter>
    </ClInclude>
    <ClInclude Include="vendor\TGUI\include\TGUI\StringView.hpp">
      <Filter>Headerdateien</Filter>
    </ClInclude>
    <ClInclude Include="vendor\TGUI\include\TGUI\SubwidgetContainer.hpp">
      <Filter>Headerdateien</Filter>
    </ClInclude>
    <ClInclude Include="vendor\TGUI\include\TGUI\SvgImage.hpp">
      <Filter>Headerdateien</Filter>
    </ClInclude>
    <ClInclude Include="vendor\TGUI\include\TGUI\Text.hpp">
      <Filter>Headerdateien</Filter>
    </ClInclude>
    <ClInclude Include="vendor\TGUI\include\TGUI\TextStyle.hpp">
      <Filter>Headerdateien</Filter>
    </ClInclude>
    <ClInclude Include="vendor\TGUI\include\TGUI\Texture.hpp">
      <Filter>Headerdateien</Filter>
    </ClInclude>
    <ClInclude Include="vendor\TGUI\include\TGUI\TextureData.hpp">
      <Filter>Headerdateien</Filter>
    </ClInclude>
    <ClInclude Include="vendor\TGUI\include\TGUI\TextureManager.hpp">
      <Filter>Headerdateien</Filter>
    </ClInclude>
    <ClInclude Include="src\Game.hpp">
      <Filter>Headerdateien</Filter>
    </ClInclude>
    <ClInclude Include="src\Entity\Player.hpp">
      <Filter>Headerdateien</Filter>
    </ClInclude>
    <ClInclude Include="src\Entity\FallingObjects.hpp">
      <Filter>Headerdateien</Filter>
    </ClInclude>
    <ClInclude Include="src\Level.hpp">
      <Filter>Headerdateien</Filter>
    </ClInclude>
    <ClInclude Include="src\GUI\Gui.hpp">
      <Filter>Headerdateien</Filter>
    </ClInclude>
    <ClInclude Include="src\GameState\GameState.hpp">
      <Filter>Headerdateien</Filter>
    </ClInclude>
  </ItemGroup>
  <ItemGroup>
    <None Include="vendor\SFML\include\SFML\Graphics\Glsl.inl">
      <Filter>Headerdateien</Filter>
    </None>
    <None Include="vendor\SFML\include\SFML\Graphics\Rect.inl">
      <Filter>Headerdateien</Filter>
    </None>
    <None Include="vendor\SFML\include\SFML\Audio\SoundFileFactory.inl">
      <Filter>Headerdateien</Filter>
    </None>
    <None Include="vendor\SFML\include\SFML\System\String.inl">
      <Filter>Headerdateien</Filter>
    </None>
    <None Include="vendor\SFML\include\SFML\System\Thread.inl">
      <Filter>Headerdateien</Filter>
    </None>
    <None Include="vendor\SFML\include\SFML\System\ThreadLocalPtr.inl">
      <Filter>Headerdateien</Filter>
    </None>
    <None Include="vendor\SFML\include\SFML\System\Utf.inl">
      <Filter>Headerdateien</Filter>
    </None>
    <None Include="vendor\SFML\include\SFML\System\Vector2.inl">
      <Filter>Headerdateien</Filter>
    </None>
    <None Include="vendor\SFML\include\SFML\System\Vector3.inl">
      <Filter>Headerdateien</Filter>
    </None>
    <None Include="vendor\TGUI\include\TGUI\Config.hpp.in" />
  </ItemGroup>
  <ItemGroup>
    <Font Include="source\arial.ttf" />
  </ItemGroup>
</Project>